{
  "name": "dm-portal",
  "lockfileVersion": 3,
  "requires": true,
  "packages": {
    "": {
      "dependencies": {
        "streamlineai-badge": "^1.2.0"
      }
    },
    "node_modules/react": {
      "version": "19.1.1",
      "resolved": "https://registry.npmjs.org/react/-/react-19.1.1.tgz",
      "integrity": "sha512-w8nqGImo45dmMIfljjMwOGtbmC/mk4CMYhWIicdSflH91J9TyCyczcPFXJzrZ/ZXcgGRFeP6BU0BEJTw6tZdfQ==",
      "license": "MIT",
      "peer": true,
      "engines": {
        "node": ">=0.10.0"
      }
    },
    "node_modules/streamlineai-badge": {
      "version": "1.2.0",
      "resolved": "https://registry.npmjs.org/streamlineai-badge/-/streamlineai-badge-1.2.0.tgz",
      "integrity": "sha512-bMOJrmDDtmN2tEve+HMjiezFvEx26gHatOwUInSFlmG28FO9y8hxYBB09nzzTLJxrd/0V5UtDYLPB1wbztOalg==",
      "license": "MIT",
      "peerDependencies": {
        "react": ">=16.8.0"
      }
    }
  }
}
